
Microsoft Visual Studio Solution File, Format Version 12.00
# Visual Studio 15
VisualStudioVersion = 15.0.28307.539
MinimumVisualStudioVersion = 10.0.40219.1
Project("{FAE04EC0-301F-11D3-BF4B-00C04F79EFBC}") = "SUPERHERO", "SUPERHERO\SUPERHERO.csproj", "{1F38A5BC-D326-40C6-98B3-7A5256E71AB2}"
EndProject
Global
	GlobalSection(SolutionConfigurationPlatforms) = preSolution
		Debug|Any CPU = Debug|Any CPU
		Release|Any CPU = Release|Any CPU
	EndGlobalSection
	GlobalSection(ProjectConfigurationPlatforms) = postSolution
		{1F38A5BC-D326-40C6-98B3-7A5256E71AB2}.Debug|Any CPU.ActiveCfg = Debug|Any CPU
		{1F38A5BC-D326-40C6-98B3-7A5256E71AB2}.Debug|Any CPU.Build.0 = Debug|Any CPU
		{1F38A5BC-D326-40C6-98B3-7A5256E71AB2}.Release|Any CPU.ActiveCfg = Release|Any CPU
		{1F38A5BC-D326-40C6-98B3-7A5256E71AB2}.Release|Any CPU.Build.0 = Release|Any CPU
	EndGlobalSection
	GlobalSection(SolutionProperties) = preSolution
		HideSolutionNode = FALSE
	EndGlobalSection
	GlobalSection(ExtensibilityGlobals) = postSolution
		SolutionGuid = {D791A8D1-847F-45D5-9484-083648DA3E7D}
	EndGlobalSection
EndGlobal
